// !$*UTF8*$!
{
	archiveVersion = 1;
	classes = {
	};
	objectVersion = 56;
	objects = {

/* Begin PBXBuildFile section */
		5BA21C922B84DD9F0082F8A9 /* RealityKitContent in Frameworks */ = {isa = PBXBuildFile; productRef = 5BA21C912B84DD9F0082F8A9 /* RealityKitContent */; };
		5BA21C942B84DD9F0082F8A9 /* InsectKillerApp.swift in Sources */ = {isa = PBXBuildFile; fileRef = 5BA21C932B84DD9F0082F8A9 /* InsectKillerApp.swift */; };
		5BA21C962B84DD9F0082F8A9 /* ContentView.swift in Sources */ = {isa = PBXBuildFile; fileRef = 5BA21C952B84DD9F0082F8A9 /* ContentView.swift */; };
		5BA21C982B84DDA10082F8A9 /* Assets.xcassets in Resources */ = {isa = PBXBuildFile; fileRef = 5BA21C972B84DDA10082F8A9 /* Assets.xcassets */; };
		5BA21C9B2B84DDA10082F8A9 /* Preview Assets.xcassets in Resources */ = {isa = PBXBuildFile; fileRef = 5BA21C9A2B84DDA10082F8A9 /* Preview Assets.xcassets */; };
		5BA21CA62B84DDA20082F8A9 /* InsectKillerTests.swift in Sources */ = {isa = PBXBuildFile; fileRef = 5BA21CA52B84DDA20082F8A9 /* InsectKillerTests.swift */; };
		5BA21CB02B84E0FB0082F8A9 /* ObjectView.swift in Sources */ = {isa = PBXBuildFile; fileRef = 5BA21CAF2B84E0FB0082F8A9 /* ObjectView.swift */; };
/* End PBXBuildFile section */

/* Begin PBXContainerItemProxy section */
		5BA21CA22B84DDA20082F8A9 /* PBXContainerItemProxy */ = {
			isa = PBXContainerItemProxy;
			containerPortal = 5BA21C842B84DD9F0082F8A9 /* Project object */;
			proxyType = 1;
			remoteGlobalIDString = 5BA21C8B2B84DD9F0082F8A9;
			remoteInfo = InsectKiller;
		};
/* End PBXContainerItemProxy section */

/* Begin PBXFileReference section */
		5BA21C8C2B84DD9F0082F8A9 /* InsectKiller.app */ = {isa = PBXFileReference; explicitFileType = wrapper.application; includeInIndex = 0; path = InsectKiller.app; sourceTree = BUILT_PRODUCTS_DIR; };
		5BA21C902B84DD9F0082F8A9 /* RealityKitContent */ = {isa = PBXFileReference; lastKnownFileType = wrapper; path = RealityKitContent; sourceTree = "<group>"; };
		5BA21C932B84DD9F0082F8A9 /* InsectKillerApp.swift */ = {isa = PBXFileReference; lastKnownFileType = sourcecode.swift; path = InsectKillerApp.swift; sourceTree = "<group>"; };
		5BA21C952B84DD9F0082F8A9 /* ContentView.swift */ = {isa = PBXFileReference; lastKnownFileType = sourcecode.swift; path = ContentView.swift; sourceTree = "<group>"; };
		5BA21C972B84DDA10082F8A9 /* Assets.xcassets */ = {isa = PBXFileReference; lastKnownFileType = folder.assetcatalog; path = Assets.xcassets; sourceTree = "<group>"; };
		5BA21C9A2B84DDA10082F8A9 /* Preview Assets.xcassets */ = {isa = PBXFileReference; lastKnownFileType = folder.assetcatalog; path = "Preview Assets.xcassets"; sourceTree = "<group>"; };
		5BA21C9C2B84DDA10082F8A9 /* Info.plist */ = {isa = PBXFileReference; lastKnownFileType = text.plist.xml; path = Info.plist; sourceTree = "<group>"; };
		5BA21CA12B84DDA20082F8A9 /* InsectKillerTests.xctest */ = {isa = PBXFileReference; explicitFileType = wrapper.cfbundle; includeInIndex = 0; path = InsectKillerTests.xctest; sourceTree = BUILT_PRODUCTS_DIR; };
		5BA21CA52B84DDA20082F8A9 /* InsectKillerTests.swift */ = {isa = PBXFileReference; lastKnownFileType = sourcecode.swift; path = InsectKillerTests.swift; sourceTree = "<group>"; };
		5BA21CAF2B84E0FB0082F8A9 /* ObjectView.swift */ = {isa = PBXFileReference; lastKnownFileType = sourcecode.swift; path = ObjectView.swift; sourceTree = "<group>"; };
/* End PBXFileReference section */

/* Begin PBXFrameworksBuildPhase section */
		5BA21C892B84DD9F0082F8A9 /* Frameworks */ = {
			isa = PBXFrameworksBuildPhase;
			buildActionMask = 2147483647;
			files = (
				5BA21C922B84DD9F0082F8A9 /* RealityKitContent in Frameworks */,
			);
			runOnlyForDeploymentPostprocessing = 0;
		};
		5BA21C9E2B84DDA20082F8A9 /* Frameworks */ = {
			isa = PBXFrameworksBuildPhase;
			buildActionMask = 2147483647;
			files = (
			);
			runOnlyForDeploymentPostprocessing = 0;
		};
/* End PBXFrameworksBuildPhase section */

/* Begin PBXGroup section */
		5BA21C832B84DD9F0082F8A9 = {
			isa = PBXGroup;
			children = (
				5BA21C8E2B84DD9F0082F8A9 /* InsectKiller */,
				5BA21C8F2B84DD9F0082F8A9 /* Packages */,
				5BA21CA42B84DDA20082F8A9 /* InsectKillerTests */,
				5BA21C8D2B84DD9F0082F8A9 /* Products */,
			);
			sourceTree = "<group>";
		};
		5BA21C8D2B84DD9F0082F8A9 /* Products */ = {
			isa = PBXGroup;
			children = (
				5BA21C8C2B84DD9F0082F8A9 /* InsectKiller.app */,
				5BA21CA12B84DDA20082F8A9 /* InsectKillerTests.xctest */,
			);
			name = Products;
			sourceTree = "<group>";
		};
		5BA21C8E2B84DD9F0082F8A9 /* InsectKiller */ = {
			isa = PBXGroup;
			children = (
				5BA21C932B84DD9F0082F8A9 /* InsectKillerApp.swift */,
				5BA21C952B84DD9F0082F8A9 /* ContentView.swift */,
				5BA21CAF2B84E0FB0082F8A9 /* ObjectView.swift */,
				5BA21C972B84DDA10082F8A9 /* Assets.xcassets */,
				5BA21C9C2B84DDA10082F8A9 /* Info.plist */,
				5BA21C992B84DDA10082F8A9 /* Preview Content */,
			);
			path = InsectKiller;
			sourceTree = "<group>";
		};
		5BA21C8F2B84DD9F0082F8A9 /* Packages */ = {
			isa = PBXGroup;
			children = (
				5BA21C902B84DD9F0082F8A9 /* RealityKitContent */,
			);
			path = Packages;
			sourceTree = "<group>";
		};
		5BA21C992B84DDA10082F8A9 /* Preview Content */ = {
			isa = PBXGroup;
			children = (
				5BA21C9A2B84DDA10082F8A9 /* Preview Assets.xcassets */,
			);
			path = "Preview Content";
			sourceTree = "<group>";
		};
		5BA21CA42B84DDA20082F8A9 /* InsectKillerTests */ = {
			isa = PBXGroup;
			children = (
				5BA21CA52B84DDA20082F8A9 /* InsectKillerTests.swift */,
			);
			path = InsectKillerTests;
			sourceTree = "<group>";
		};
/* End PBXGroup section */

/* Begin PBXNativeTarget section */
		5BA21C8B2B84DD9F0082F8A9 /* InsectKiller */ = {
			isa = PBXNativeTarget;
			buildConfigurationList = 5BA21CA92B84DDA20082F8A9 /* Build configuration list for PBXNativeTarget "InsectKiller" */;
			buildPhases = (
				5BA21C882B84DD9F0082F8A9 /* Sources */,
				5BA21C892B84DD9F0082F8A9 /* Frameworks */,
				5BA21C8A2B84DD9F0082F8A9 /* Resources */,
			);
			buildRules = (
			);
			dependencies = (
			);
			name = InsectKiller;
			packageProductDependencies = (
				5BA21C912B84DD9F0082F8A9 /* RealityKitContent */,
			);
			productName = InsectKiller;
			productReference = 5BA21C8C2B84DD9F0082F8A9 /* InsectKiller.app */;
			productType = "com.apple.product-type.application";
		};
		5BA21CA02B84DDA20082F8A9 /* InsectKillerTests */ = {
			isa = PBXNativeTarget;
			buildConfigurationList = 5BA21CAC2B84DDA20082F8A9 /* Build configuration list for PBXNativeTarget "InsectKillerTests" */;
			buildPhases = (
				5BA21C9D2B84DDA20082F8A9 /* Sources */,
				5BA21C9E2B84DDA20082F8A9 /* Frameworks */,
				5BA21C9F2B84DDA20082F8A9 /* Resources */,
			);
			buildRules = (
			);
			dependencies = (
				5BA21CA32B84DDA20082F8A9 /* PBXTargetDependency */,
			);
			name = InsectKillerTests;
			productName = InsectKillerTests;
			productReference = 5BA21CA12B84DDA20082F8A9 /* InsectKillerTests.xctest */;
			productType = "com.apple.product-type.bundle.unit-test";
		};
/* End PBXNativeTarget section */

/* Begin PBXProject section */
		5BA21C842B84DD9F0082F8A9 /* Project object */ = {
			isa = PBXProject;
			attributes = {
				BuildIndependentTargetsInParallel = 1;
				LastSwiftUpdateCheck = 1520;
				LastUpgradeCheck = 1520;
				TargetAttributes = {
					5BA21C8B2B84DD9F0082F8A9 = {
						CreatedOnToolsVersion = 15.2;
					};
					5BA21CA02B84DDA20082F8A9 = {
						CreatedOnToolsVersion = 15.2;
						TestTargetID = 5BA21C8B2B84DD9F0082F8A9;
					};
				};
			};
			buildConfigurationList = 5BA21C872B84DD9F0082F8A9 /* Build configuration list for PBXProject "InsectKiller" */;
			compatibilityVersion = "Xcode 14.0";
			developmentRegion = en;
			hasScannedForEncodings = 0;
			knownRegions = (
				en,
				Base,
			);
			mainGroup = 5BA21C832B84DD9F0082F8A9;
			productRefGroup = 5BA21C8D2B84DD9F0082F8A9 /* Products */;
			projectDirPath = "";
			projectRoot = "";
			targets = (
				5BA21C8B2B84DD9F0082F8A9 /* InsectKiller */,
				5BA21CA02B84DDA20082F8A9 /* InsectKillerTests */,
			);
		};
/* End PBXProject section */

/* Begin PBXResourcesBuildPhase section */
		5BA21C8A2B84DD9F0082F8A9 /* Resources */ = {
			isa = PBXResourcesBuildPhase;
			buildActionMask = 2147483647;
			files = (
				5BA21C9B2B84DDA10082F8A9 /* Preview Assets.xcassets in Resources */,
				5BA21C982B84DDA10082F8A9 /* Assets.xcassets in Resources */,
			);
			runOnlyForDeploymentPostprocessing = 0;
		};
		5BA21C9F2B84DDA20082F8A9 /* Resources */ = {
			isa = PBXResourcesBuildPhase;
			buildActionMask = 2147483647;
			files = (
			);
			runOnlyForDeploymentPostprocessing = 0;
		};
/* End PBXResourcesBuildPhase section */

/* Begin PBXSourcesBuildPhase section */
		5BA21C882B84DD9F0082F8A9 /* Sources */ = {
			isa = PBXSourcesBuildPhase;
			buildActionMask = 2147483647;
			files = (
				5BA21C962B84DD9F0082F8A9 /* ContentView.swift in Sources */,
				5BA21CB02B84E0FB0082F8A9 /* ObjectView.swift in Sources */,
				5BA21C942B84DD9F0082F8A9 /* InsectKillerApp.swift in Sources */,
			);
			runOnlyForDeploymentPostprocessing = 0;
		};
		5BA21C9D2B84DDA20082F8A9 /* Sources */ = {
			isa = PBXSourcesBuildPhase;
			buildActionMask = 2147483647;
			files = (
				5BA21CA62B84DDA20082F8A9 /* InsectKillerTests.swift in Sources */,
			);
			runOnlyForDeploymentPostprocessing = 0;
		};
/* End PBXSourcesBuildPhase section */

/* Begin PBXTargetDependency section */
		5BA21CA32B84DDA20082F8A9 /* PBXTargetDependency */ = {
			isa = PBXTargetDependency;
			target = 5BA21C8B2B84DD9F0082F8A9 /* InsectKiller */;
			targetProxy = 5BA21CA22B84DDA20082F8A9 /* PBXContainerItemProxy */;
		};
/* End PBXTargetDependency section */

/* Begin XCBuildConfiguration section */
		5BA21CA72B84DDA20082F8A9 /* Debug */ = {
			isa = XCBuildConfiguration;
			buildSettings = {
				ALWAYS_SEARCH_USER_PATHS = NO;
				ASSETCATALOG_COMPILER_GENERATE_SWIFT_ASSET_SYMBOL_EXTENSIONS = YES;
				CLANG_ANALYZER_NONNULL = YES;
				CLANG_ANALYZER_NUMBER_OBJECT_CONVERSION = YES_AGGRESSIVE;
				CLANG_CXX_LANGUAGE_STANDARD = "gnu++20";
				CLANG_ENABLE_MODULES = YES;
				CLANG_ENABLE_OBJC_ARC = YES;
				CLANG_ENABLE_OBJC_WEAK = YES;
				CLANG_WARN_BLOCK_CAPTURE_AUTORELEASING = YES;
				CLANG_WARN_BOOL_CONVERSION = YES;
				CLANG_WARN_COMMA = YES;
				CLANG_WARN_CONSTANT_CONVERSION = YES;
				CLANG_WARN_DEPRECATED_OBJC_IMPLEMENTATIONS = YES;
				CLANG_WARN_DIRECT_OBJC_ISA_USAGE = YES_ERROR;
				CLANG_WARN_DOCUMENTATION_COMMENTS = YES;
				CLANG_WARN_EMPTY_BODY = YES;
				CLANG_WARN_ENUM_CONVERSION = YES;
				CLANG_WARN_INFINITE_RECURSION = YES;
				CLANG_WARN_INT_CONVERSION = YES;
				CLANG_WARN_NON_LITERAL_NULL_CONVERSION = YES;
				CLANG_WARN_OBJC_IMPLICIT_RETAIN_SELF = YES;
				CLANG_WARN_OBJC_LITERAL_CONVERSION = YES;
				CLANG_WARN_OBJC_ROOT_CLASS = YES_ERROR;
				CLANG_WARN_QUOTED_INCLUDE_IN_FRAMEWORK_HEADER = YES;
				CLANG_WARN_RANGE_LOOP_ANALYSIS = YES;
				CLANG_WARN_STRICT_PROTOTYPES = YES;
				CLANG_WARN_SUSPICIOUS_MOVE = YES;
				CLANG_WARN_UNGUARDED_AVAILABILITY = YES_AGGRESSIVE;
				CLANG_WARN_UNREACHABLE_CODE = YES;
				CLANG_WARN__DUPLICATE_METHOD_MATCH = YES;
				COPY_PHASE_STRIP = NO;
				DEBUG_INFORMATION_FORMAT = dwarf;
				ENABLE_STRICT_OBJC_MSGSEND = YES;
				ENABLE_TESTABILITY = YES;
				ENABLE_USER_SCRIPT_SANDBOXING = YES;
				GCC_C_LANGUAGE_STANDARD = gnu17;
				GCC_DYNAMIC_NO_PIC = NO;
				GCC_NO_COMMON_BLOCKS = YES;
				GCC_OPTIMIZATION_LEVEL = 0;
				GCC_PREPROCESSOR_DEFINITIONS = (
					"DEBUG=1",
					"$(inherited)",
				);
				GCC_WARN_64_TO_32_BIT_CONVERSION = YES;
				GCC_WARN_ABOUT_RETURN_TYPE = YES_ERROR;
				GCC_WARN_UNDECLARED_SELECTOR = YES;
				GCC_WARN_UNINITIALIZED_AUTOS = YES_AGGRESSIVE;
				GCC_WARN_UNUSED_FUNCTION = YES;
				GCC_WARN_UNUSED_VARIABLE = YES;
				LOCALIZATION_PREFERS_STRING_CATALOGS = YES;
				MTL_ENABLE_DEBUG_INFO = INCLUDE_SOURCE;
				MTL_FAST_MATH = YES;
				ONLY_ACTIVE_ARCH = YES;
				SDKROOT = xros;
				SWIFT_ACTIVE_COMPILATION_CONDITIONS = "DEBUG $(inherited)";
				SWIFT_OPTIMIZATION_LEVEL = "-Onone";
				XROS_DEPLOYMENT_TARGET = 1.0;
			};
			name = Debug;
		};
		5BA21CA82B84DDA20082F8A9 /* Release */ = {
			isa = XCBuildConfiguration;
			buildSettings = {
				ALWAYS_SEARCH_USER_PATHS = NO;
				ASSETCATALOG_COMPILER_GENERATE_SWIFT_ASSET_SYMBOL_EXTENSIONS = YES;
				CLANG_ANALYZER_NONNULL = YES;
				CLANG_ANALYZER_NUMBER_OBJECT_CONVERSION = YES_AGGRESSIVE;
				CLANG_CXX_LANGUAGE_STANDARD = "gnu++20";
				CLANG_ENABLE_MODULES = YES;
				CLANG_ENABLE_OBJC_ARC = YES;
				CLANG_ENABLE_OBJC_WEAK = YES;
				CLANG_WARN_BLOCK_CAPTURE_AUTORELEASING = YES;
				CLANG_WARN_BOOL_CONVERSION = YES;
				CLANG_WARN_COMMA = YES;
				CLANG_WARN_CONSTANT_CONVERSION = YES;
				CLANG_WARN_DEPRECATED_OBJC_IMPLEMENTATIONS = YES;
				CLANG_WARN_DIRECT_OBJC_ISA_USAGE = YES_ERROR;
				CLANG_WARN_DOCUMENTATION_COMMENTS = YES;
				CLANG_WARN_EMPTY_BODY = YES;
				CLANG_WARN_ENUM_CONVERSION = YES;
				CLANG_WARN_INFINITE_RECURSION = YES;
				CLANG_WARN_INT_CONVERSION = YES;
				CLANG_WARN_NON_LITERAL_NULL_CONVERSION = YES;
				CLANG_WARN_OBJC_IMPLICIT_RETAIN_SELF = YES;
				CLANG_WARN_OBJC_LITERAL_CONVERSION = YES;
				CLANG_WARN_OBJC_ROOT_CLASS = YES_ERROR;
				CLANG_WARN_QUOTED_INCLUDE_IN_FRAMEWORK_HEADER = YES;
				CLANG_WARN_RANGE_LOOP_ANALYSIS = YES;
				CLANG_WARN_STRICT_PROTOTYPES = YES;
				CLANG_WARN_SUSPICIOUS_MOVE = YES;
				CLANG_WARN_UNGUARDED_AVAILABILITY = YES_AGGRESSIVE;
				CLANG_WARN_UNREACHABLE_CODE = YES;
				CLANG_WARN__DUPLICATE_METHOD_MATCH = YES;
				COPY_PHASE_STRIP = NO;
				DEBUG_INFORMATION_FORMAT = "dwarf-with-dsym";
				ENABLE_NS_ASSERTIONS = NO;
				ENABLE_STRICT_OBJC_MSGSEND = YES;
				ENABLE_USER_SCRIPT_SANDBOXING = YES;
				GCC_C_LANGUAGE_STANDARD = gnu17;
				GCC_NO_COMMON_BLOCKS = YES;
				GCC_WARN_64_TO_32_BIT_CONVERSION = YES;
				GCC_WARN_ABOUT_RETURN_TYPE = YES_ERROR;
				GCC_WARN_UNDECLARED_SELECTOR = YES;
				GCC_WARN_UNINITIALIZED_AUTOS = YES_AGGRESSIVE;
				GCC_WARN_UNUSED_FUNCTION = YES;
				GCC_WARN_UNUSED_VARIABLE = YES;
				LOCALIZATION_PREFERS_STRING_CATALOGS = YES;
				MTL_ENABLE_DEBUG_INFO = NO;
				MTL_FAST_MATH = YES;
				SDKROOT = xros;
				SWIFT_COMPILATION_MODE = wholemodule;
				VALIDATE_PRODUCT = YES;
				XROS_DEPLOYMENT_TARGET = 1.0;
			};
			name = Release;
		};
		5BA21CAA2B84DDA20082F8A9 /* Debug */ = {
			isa = XCBuildConfiguration;
			buildSettings = {
				ASSETCATALOG_COMPILER_APPICON_NAME = AppIcon;
				ASSETCATALOG_COMPILER_GLOBAL_ACCENT_COLOR_NAME = AccentColor;
				CODE_SIGN_STYLE = Automatic;
				CURRENT_PROJECT_VERSION = 1;
				DEVELOPMENT_ASSET_PATHS = "\"InsectKiller/Preview Content\"";
				ENABLE_PREVIEWS = YES;
				GENERATE_INFOPLIST_FILE = YES;
				INFOPLIST_FILE = "$(TARGET_NAME)/Info.plist";
				LD_RUNPATH_SEARCH_PATHS = (
					"$(inherited)",
					"@executable_path/Frameworks",
				);
				MARKETING_VERSION = 1.0;
				PRODUCT_BUNDLE_IDENTIFIER = com.arash.test.InsectKiller;
				PRODUCT_NAME = "$(TARGET_NAME)";
				SUPPORTED_PLATFORMS = "xros xrsimulator";
				SWIFT_EMIT_LOC_STRINGS = YES;
				SWIFT_VERSION = 5.0;
				TARGETED_DEVICE_FAMILY = "1,2,7";
			};
			name = Debug;
		};
		5BA21CAB2B84DDA20082F8A9 /* Release */ = {
			isa = XCBuildConfiguration;
			buildSettings = {
				ASSETCATALOG_COMPILER_APPICON_NAME = AppIcon;
				ASSETCATALOG_COMPILER_GLOBAL_ACCENT_COLOR_NAME = AccentColor;
				CODE_SIGN_STYLE = Automatic;
				CURRENT_PROJECT_VERSION = 1;
				DEVELOPMENT_ASSET_PATHS = "\"InsectKiller/Preview Content\"";
				ENABLE_PREVIEWS = YES;
				GENERATE_INFOPLIST_FILE = YES;
				INFOPLIST_FILE = "$(TARGET_NAME)/Info.plist";
				LD_RUNPATH_SEARCH_PATHS = (
					"$(inherited)",
					"@executable_path/Frameworks",
				);
				MARKETING_VERSION = 1.0;
				PRODUCT_BUNDLE_IDENTIFIER = com.arash.test.InsectKiller;
				PRODUCT_NAME = "$(TARGET_NAME)";
				SUPPORTED_PLATFORMS = "xros xrsimulator";
				SWIFT_EMIT_LOC_STRINGS = YES;
				SWIFT_VERSION = 5.0;
				TARGETED_DEVICE_FAMILY = "1,2,7";
			};
			name = Release;
		};
		5BA21CAD2B84DDA20082F8A9 /* Debug */ = {
			isa = XCBuildConfiguration;
			buildSettings = {
				ALWAYS_EMBED_SWIFT_STANDARD_LIBRARIES = YES;
				BUNDLE_LOADER = "$(TEST_HOST)";
				CODE_SIGN_STYLE = Automatic;
				CURRENT_PROJECT_VERSION = 1;
				GENERATE_INFOPLIST_FILE = YES;
				MARKETING_VERSION = 1.0;
				PRODUCT_BUNDLE_IDENTIFIER = com.arash.test.InsectKillerTests;
				PRODUCT_NAME = "$(TARGET_NAME)";
				SUPPORTED_PLATFORMS = "xros xrsimulator";
				SWIFT_EMIT_LOC_STRINGS = NO;
				SWIFT_VERSION = 5.0;
				TARGETED_DEVICE_FAMILY = "1,2,7";
				TEST_HOST = "$(BUILT_PRODUCTS_DIR)/InsectKiller.app/$(BUNDLE_EXECUTABLE_FOLDER_PATH)/InsectKiller";
				XROS_DEPLOYMENT_TARGET = 1.0;
			};
			name = Debug;
		};
		5BA21CAE2B84DDA20082F8A9 /* Release */ = {
			isa = XCBuildConfiguration;
			buildSettings = {
				ALWAYS_EMBED_SWIFT_STANDARD_LIBRARIES = YES;
				BUNDLE_LOADER = "$(TEST_HOST)";
				CODE_SIGN_STYLE = Automatic;
				CURRENT_PROJECT_VERSION = 1;
				GENERATE_INFOPLIST_FILE = YES;
				MARKETING_VERSION = 1.0;
				PRODUCT_BUNDLE_IDENTIFIER = com.arash.test.InsectKillerTests;
				PRODUCT_NAME = "$(TARGET_NAME)";
				SUPPORTED_PLATFORMS = "xros xrsimulator";
				SWIFT_EMIT_LOC_STRINGS = NO;
				SWIFT_VERSION = 5.0;
				TARGETED_DEVICE_FAMILY = "1,2,7";
				TEST_HOST = "$(BUILT_PRODUCTS_DIR)/InsectKiller.app/$(BUNDLE_EXECUTABLE_FOLDER_PATH)/InsectKiller";
				XROS_DEPLOYMENT_TARGET = 1.0;
			};
			name = Release;
		};
/* End XCBuildConfiguration section */

/* Begin XCConfigurationList section */
		5BA21C872B84DD9F0082F8A9 /* Build configuration list for PBXProject "InsectKiller" */ = {
			isa = XCConfigurationList;
			buildConfigurations = (
				5BA21CA72B84DDA20082F8A9 /* Debug */,
				5BA21CA82B84DDA20082F8A9 /* Release */,
			);
			defaultConfigurationIsVisible = 0;
			defaultConfigurationName = Release;
		};
		5BA21CA92B84DDA20082F8A9 /* Build configuration list for PBXNativeTarget "InsectKiller" */ = {
			isa = XCConfigurationList;
			buildConfigurations = (
				5BA21CAA2B84DDA20082F8A9 /* Debug */,
				5BA21CAB2B84DDA20082F8A9 /* Release */,
			);
			defaultConfigurationIsVisible = 0;
			defaultConfigurationName = Release;
		};
		5BA21CAC2B84DDA20082F8A9 /* Build configuration list for PBXNativeTarget "InsectKillerTests" */ = {
			isa = XCConfigurationList;
			buildConfigurations = (
				5BA21CAD2B84DDA20082F8A9 /* Debug */,
				5BA21CAE2B84DDA20082F8A9 /* Release */,
			);
			defaultConfigurationIsVisible = 0;
			defaultConfigurationName = Release;
		};
/* End XCConfigurationList section */

/* Begin XCSwiftPackageProductDependency section */
		5BA21C912B84DD9F0082F8A9 /* RealityKitContent */ = {
			isa = XCSwiftPackageProductDependency;
			productName = RealityKitContent;
		};
/* End XCSwiftPackageProductDependency section */
	};
	rootObject = 5BA21C842B84DD9F0082F8A9 /* Project object */;
}
